
Microsoft Visual Studio Solution File, Format Version 12.00
Project("{FAE04EC0-301F-11D3-BF4B-00C04F79EFBC}") = "TTA.Web", "TTA.Web\TTA.Web.csproj", "{93CFBC9C-AA9F-425C-9EA8-E5F233FEEC46}"
EndProject
Project("{FAE04EC0-301F-11D3-BF4B-00C04F79EFBC}") = "TTA.Models", "TTA.Models\TTA.Models.csproj", "{21224DAC-5B6E-4F81-92C5-D24DB3B12680}"
EndProject
Project("{FAE04EC0-301F-11D3-BF4B-00C04F79EFBC}") = "TTA.Core", "TTA.Core\TTA.Core.csproj", "{3CAB8B32-E0B3-4730-B20E-6589344D7E28}"
EndProject
Project("{FAE04EC0-301F-11D3-BF4B-00C04F79EFBC}") = "TTA.Interfaces", "TTA.Interfaces\TTA.Interfaces.csproj", "{7118C74C-4152-4198-8620-9970571B9D0A}"
EndProject
Project("{FAE04EC0-301F-11D3-BF4B-00C04F79EFBC}") = "TTA.SQL", "TTA.SQL\TTA.SQL.csproj", "{6DFEC702-7F27-43E6-B9D4-B91C8C322111}"
EndProject
Project("{FAE04EC0-301F-11D3-BF4B-00C04F79EFBC}") = "TTA.DataGenerator.SQL", "TTA.DataGenerator.SQL\TTA.DataGenerator.SQL.csproj", "{E2C39A5C-375C-4D31-BBF5-0B8B1B591880}"
EndProject
Project("{2150E333-8FDC-42A3-9474-1A3956D46DE8}") = "Scripts", "Scripts", "{AF98B66A-AB60-4567-A6F7-1704E3CEA545}"
	ProjectSection(SolutionItems) = preProject
		..\..\scripts\SQL\0-create-tables.sql = ..\..\scripts\SQL\0-create-tables.sql
		..\..\docs\tag.data = ..\..\docs\tag.data
		..\..\docs\categories.data = ..\..\docs\categories.data
	EndProjectSection
EndProject
Global
	GlobalSection(SolutionConfigurationPlatforms) = preSolution
		Debug|Any CPU = Debug|Any CPU
		Release|Any CPU = Release|Any CPU
	EndGlobalSection
	GlobalSection(ProjectConfigurationPlatforms) = postSolution
		{93CFBC9C-AA9F-425C-9EA8-E5F233FEEC46}.Debug|Any CPU.ActiveCfg = Debug|Any CPU
		{93CFBC9C-AA9F-425C-9EA8-E5F233FEEC46}.Debug|Any CPU.Build.0 = Debug|Any CPU
		{93CFBC9C-AA9F-425C-9EA8-E5F233FEEC46}.Release|Any CPU.ActiveCfg = Release|Any CPU
		{93CFBC9C-AA9F-425C-9EA8-E5F233FEEC46}.Release|Any CPU.Build.0 = Release|Any CPU
		{21224DAC-5B6E-4F81-92C5-D24DB3B12680}.Debug|Any CPU.ActiveCfg = Debug|Any CPU
		{21224DAC-5B6E-4F81-92C5-D24DB3B12680}.Debug|Any CPU.Build.0 = Debug|Any CPU
		{21224DAC-5B6E-4F81-92C5-D24DB3B12680}.Release|Any CPU.ActiveCfg = Release|Any CPU
		{21224DAC-5B6E-4F81-92C5-D24DB3B12680}.Release|Any CPU.Build.0 = Release|Any CPU
		{3CAB8B32-E0B3-4730-B20E-6589344D7E28}.Debug|Any CPU.ActiveCfg = Debug|Any CPU
		{3CAB8B32-E0B3-4730-B20E-6589344D7E28}.Debug|Any CPU.Build.0 = Debug|Any CPU
		{3CAB8B32-E0B3-4730-B20E-6589344D7E28}.Release|Any CPU.ActiveCfg = Release|Any CPU
		{3CAB8B32-E0B3-4730-B20E-6589344D7E28}.Release|Any CPU.Build.0 = Release|Any CPU
		{7118C74C-4152-4198-8620-9970571B9D0A}.Debug|Any CPU.ActiveCfg = Debug|Any CPU
		{7118C74C-4152-4198-8620-9970571B9D0A}.Debug|Any CPU.Build.0 = Debug|Any CPU
		{7118C74C-4152-4198-8620-9970571B9D0A}.Release|Any CPU.ActiveCfg = Release|Any CPU
		{7118C74C-4152-4198-8620-9970571B9D0A}.Release|Any CPU.Build.0 = Release|Any CPU
		{6DFEC702-7F27-43E6-B9D4-B91C8C322111}.Debug|Any CPU.ActiveCfg = Debug|Any CPU
		{6DFEC702-7F27-43E6-B9D4-B91C8C322111}.Debug|Any CPU.Build.0 = Debug|Any CPU
		{6DFEC702-7F27-43E6-B9D4-B91C8C322111}.Release|Any CPU.ActiveCfg = Release|Any CPU
		{6DFEC702-7F27-43E6-B9D4-B91C8C322111}.Release|Any CPU.Build.0 = Release|Any CPU
		{E2C39A5C-375C-4D31-BBF5-0B8B1B591880}.Debug|Any CPU.ActiveCfg = Debug|Any CPU
		{E2C39A5C-375C-4D31-BBF5-0B8B1B591880}.Debug|Any CPU.Build.0 = Debug|Any CPU
		{E2C39A5C-375C-4D31-BBF5-0B8B1B591880}.Release|Any CPU.ActiveCfg = Release|Any CPU
		{E2C39A5C-375C-4D31-BBF5-0B8B1B591880}.Release|Any CPU.Build.0 = Release|Any CPU
	EndGlobalSection
EndGlobal
